# Generated by buf. DO NOT EDIT.
version: v1
deps:
  - remote: buf.build
    owner: googleapis
    repository: googleapis
    commit: c8fa45ea6c1248769dbbcb53e49d8ee4
  - remote: buf.build
    owner: grpc-ecosystem
    repository: grpc-gateway
    commit: 00116f302b12478b85deb33b734e026c
  - remote: buf.build
    owner: ideascf
    repository: protobuf
    commit: b5f72bca01b244d29017524f3a0a80bb
